
Microsoft Visual Studio Solution File, Format Version 12.00
# Visual Studio Version 16
VisualStudioVersion = 16.0.30523.141
MinimumVisualStudioVersion = 10.0.40219.1
Project("{FAE04EC0-301F-11D3-BF4B-00C04F79EFBC}") = "WebPapa20", "WebPapa20\WebPapa20.csproj", "{6E9BE7ED-C6EF-4B51-B84B-967E2BBD6C68}"
EndProject
Global
	GlobalSection(SolutionConfigurationPlatforms) = preSolution
		Debug|Any CPU = Debug|Any CPU
		Release|Any CPU = Release|Any CPU
	EndGlobalSection
	GlobalSection(ProjectConfigurationPlatforms) = postSolution
		{6E9BE7ED-C6EF-4B51-B84B-967E2BBD6C68}.Debug|Any CPU.ActiveCfg = Debug|Any CPU
		{6E9BE7ED-C6EF-4B51-B84B-967E2BBD6C68}.Debug|Any CPU.Build.0 = Debug|Any CPU
		{6E9BE7ED-C6EF-4B51-B84B-967E2BBD6C68}.Release|Any CPU.ActiveCfg = Release|Any CPU
		{6E9BE7ED-C6EF-4B51-B84B-967E2BBD6C68}.Release|Any CPU.Build.0 = Release|Any CPU
	EndGlobalSection
	GlobalSection(SolutionProperties) = preSolution
		HideSolutionNode = FALSE
	EndGlobalSection
	GlobalSection(ExtensibilityGlobals) = postSolution
		SolutionGuid = {47CE46D1-D922-422B-8ECD-07FCFC5C7F6B}
	EndGlobalSection
EndGlobal
